// !$*UTF8*$!
{
	archiveVersion = 1;
	classes = {
	};
	objectVersion = 77;
	objects = {

/* Begin PBXBuildFile section */
		C84FC47D2E6A232500E13B7A /* Tip.swift in Sources */ = {isa = PBXBuildFile; fileRef = C84FC4702E6A232500E13B7A /* Tip.swift */; };
		C84FC47E2E6A232500E13B7A /* HitTipsSwiftUIApp.swift in Sources */ = {isa = PBXBuildFile; fileRef = C84FC4752E6A232500E13B7A /* HitTipsSwiftUIApp.swift */; };
		C84FC47F2E6A232500E13B7A /* ContentView.swift in Sources */ = {isa = PBXBuildFile; fileRef = C84FC4782E6A232500E13B7A /* ContentView.swift */; };
		C84FC4802E6A232500E13B7A /* HistoryView.swift in Sources */ = {isa = PBXBuildFile; fileRef = C84FC4792E6A232500E13B7A /* HistoryView.swift */; };
		C84FC4812E6A232500E13B7A /* HomeView.swift in Sources */ = {isa = PBXBuildFile; fileRef = C84FC47A2E6A232500E13B7A /* HomeView.swift */; };
		C84FC4822E6A232500E13B7A /* Preview Assets.xcassets in Resources */ = {isa = PBXBuildFile; fileRef = C84FC4722E6A232500E13B7A /* Preview Assets.xcassets */; };
		C84FC4832E6A232500E13B7A /* Assets.xcassets in Resources */ = {isa = PBXBuildFile; fileRef = C84FC4742E6A232500E13B7A /* Assets.xcassets */; };
		C84FC4842E6A232500E13B7A /* HomeView.swift in Sources */ = {isa = PBXBuildFile; fileRef = C84FC47A2E6A232500E13B7A /* HomeView.swift */; };
		C84FC4852E6A232500E13B7A /* ContentView.swift in Sources */ = {isa = PBXBuildFile; fileRef = C84FC4782E6A232500E13B7A /* ContentView.swift */; };
		C84FC4862E6A232500E13B7A /* HomeView.swift in Sources */ = {isa = PBXBuildFile; fileRef = C84FC47A2E6A232500E13B7A /* HomeView.swift */; };
		C84FC4872E6A232500E13B7A /* ContentView.swift in Sources */ = {isa = PBXBuildFile; fileRef = C84FC4782E6A232500E13B7A /* ContentView.swift */; };
		C84FC48D2E6A2F7200E13B7A /* SplashScreenView.swift in Sources */ = {isa = PBXBuildFile; fileRef = C84FC48C2E6A2F7200E13B7A /* SplashScreenView.swift */; };
		C84FC48E2E6A2F7200E13B7A /* SplashScreenView.swift in Sources */ = {isa = PBXBuildFile; fileRef = C84FC48C2E6A2F7200E13B7A /* SplashScreenView.swift */; };
		C84FC48F2E6A2F7200E13B7A /* SplashScreenView.swift in Sources */ = {isa = PBXBuildFile; fileRef = C84FC48C2E6A2F7200E13B7A /* SplashScreenView.swift */; };
		C84FC4912E6A32A400E13B7A /* HomeViewModel.swift in Sources */ = {isa = PBXBuildFile; fileRef = C84FC4902E6A32A400E13B7A /* HomeViewModel.swift */; };
		C84FC4922E6A32A400E13B7A /* HomeViewModel.swift in Sources */ = {isa = PBXBuildFile; fileRef = C84FC4902E6A32A400E13B7A /* HomeViewModel.swift */; };
		C84FC4932E6A32A400E13B7A /* HomeViewModel.swift in Sources */ = {isa = PBXBuildFile; fileRef = C84FC4902E6A32A400E13B7A /* HomeViewModel.swift */; };
		C84FC4952E6A3E3600E13B7A /* TipCalculationView.swift in Sources */ = {isa = PBXBuildFile; fileRef = C84FC4942E6A3E3600E13B7A /* TipCalculationView.swift */; };
		C84FC4962E6A3E3600E13B7A /* TipCalculationView.swift in Sources */ = {isa = PBXBuildFile; fileRef = C84FC4942E6A3E3600E13B7A /* TipCalculationView.swift */; };
		C84FC4972E6A3E3600E13B7A /* TipCalculationView.swift in Sources */ = {isa = PBXBuildFile; fileRef = C84FC4942E6A3E3600E13B7A /* TipCalculationView.swift */; };
		C852C2722E6B94BF00168117 /* GoogleService-Info.plist in Resources */ = {isa = PBXBuildFile; fileRef = C852C2712E6B94BF00168117 /* GoogleService-Info.plist */; };
		C852C2732E6B94BF00168117 /* GoogleService-Info.plist in Resources */ = {isa = PBXBuildFile; fileRef = C852C2712E6B94BF00168117 /* GoogleService-Info.plist */; };
		C852C2742E6B94BF00168117 /* GoogleService-Info.plist in Resources */ = {isa = PBXBuildFile; fileRef = C852C2712E6B94BF00168117 /* GoogleService-Info.plist */; };
		C852C2772E6B956C00168117 /* FirebaseAnalytics in Frameworks */ = {isa = PBXBuildFile; productRef = C852C2762E6B956C00168117 /* FirebaseAnalytics */; };
		C852C2792E6B956C00168117 /* FirebaseFirestore in Frameworks */ = {isa = PBXBuildFile; productRef = C852C2782E6B956C00168117 /* FirebaseFirestore */; };
		C852C27B2E6B9DD100168117 /* FirebaseFunctions in Frameworks */ = {isa = PBXBuildFile; productRef = C852C27A2E6B9DD100168117 /* FirebaseFunctions */; };
		C852C27D2E6BD2E700168117 /* APIService.swift in Sources */ = {isa = PBXBuildFile; fileRef = C852C27C2E6BD2E700168117 /* APIService.swift */; };
		C852C27E2E6BD2E700168117 /* APIService.swift in Sources */ = {isa = PBXBuildFile; fileRef = C852C27C2E6BD2E700168117 /* APIService.swift */; };
		C852C27F2E6BD2E700168117 /* APIService.swift in Sources */ = {isa = PBXBuildFile; fileRef = C852C27C2E6BD2E700168117 /* APIService.swift */; };
		C852C2812E6E047200168117 /* FirebaseAppCheck in Frameworks */ = {isa = PBXBuildFile; productRef = C852C2802E6E047200168117 /* FirebaseAppCheck */; };
		C852C2832E6E0AF200168117 /* TipCalculationViewModel.swift in Sources */ = {isa = PBXBuildFile; fileRef = C852C2822E6E0AF200168117 /* TipCalculationViewModel.swift */; };
		C852C2842E6E0AF200168117 /* TipCalculationViewModel.swift in Sources */ = {isa = PBXBuildFile; fileRef = C852C2822E6E0AF200168117 /* TipCalculationViewModel.swift */; };
		C852C2852E6E0AF200168117 /* TipCalculationViewModel.swift in Sources */ = {isa = PBXBuildFile; fileRef = C852C2822E6E0AF200168117 /* TipCalculationViewModel.swift */; };
		C852C2872E6E0EA700168117 /* HTTextField.swift in Sources */ = {isa = PBXBuildFile; fileRef = C852C2862E6E0EA700168117 /* HTTextField.swift */; };
		C852C2882E6E0EA700168117 /* HTTextField.swift in Sources */ = {isa = PBXBuildFile; fileRef = C852C2862E6E0EA700168117 /* HTTextField.swift */; };
		C852C2892E6E0EA700168117 /* HTTextField.swift in Sources */ = {isa = PBXBuildFile; fileRef = C852C2862E6E0EA700168117 /* HTTextField.swift */; };
		C852C28B2E6FACD400168117 /* Color+.swift in Sources */ = {isa = PBXBuildFile; fileRef = C852C28A2E6FACD400168117 /* Color+.swift */; };
		C852C28C2E6FACD400168117 /* Color+.swift in Sources */ = {isa = PBXBuildFile; fileRef = C852C28A2E6FACD400168117 /* Color+.swift */; };
		C852C28D2E6FACD400168117 /* Color+.swift in Sources */ = {isa = PBXBuildFile; fileRef = C852C28A2E6FACD400168117 /* Color+.swift */; };
		C852C28F2E6FAF5900168117 /* HTPickerView.swift in Sources */ = {isa = PBXBuildFile; fileRef = C852C28E2E6FAF5900168117 /* HTPickerView.swift */; };
		C852C2902E6FAF5900168117 /* HTPickerView.swift in Sources */ = {isa = PBXBuildFile; fileRef = C852C28E2E6FAF5900168117 /* HTPickerView.swift */; };
		C852C2912E6FAF5900168117 /* HTPickerView.swift in Sources */ = {isa = PBXBuildFile; fileRef = C852C28E2E6FAF5900168117 /* HTPickerView.swift */; };
		C852C2932E6FB53400168117 /* Font+.swift in Sources */ = {isa = PBXBuildFile; fileRef = C852C2922E6FB53400168117 /* Font+.swift */; };
		C852C2942E6FB53400168117 /* Font+.swift in Sources */ = {isa = PBXBuildFile; fileRef = C852C2922E6FB53400168117 /* Font+.swift */; };
		C852C2952E6FB53400168117 /* Font+.swift in Sources */ = {isa = PBXBuildFile; fileRef = C852C2922E6FB53400168117 /* Font+.swift */; };
		C852C2972E6FBD0100168117 /* CustomPickerWheel.swift in Sources */ = {isa = PBXBuildFile; fileRef = C852C2962E6FBD0100168117 /* CustomPickerWheel.swift */; };
		C852C2982E6FBD0100168117 /* CustomPickerWheel.swift in Sources */ = {isa = PBXBuildFile; fileRef = C852C2962E6FBD0100168117 /* CustomPickerWheel.swift */; };
		C852C2992E6FBD0100168117 /* CustomPickerWheel.swift in Sources */ = {isa = PBXBuildFile; fileRef = C852C2962E6FBD0100168117 /* CustomPickerWheel.swift */; };
		C852C29B2E70977100168117 /* View+.swift in Sources */ = {isa = PBXBuildFile; fileRef = C852C29A2E70977100168117 /* View+.swift */; };
		C852C29C2E70977100168117 /* View+.swift in Sources */ = {isa = PBXBuildFile; fileRef = C852C29A2E70977100168117 /* View+.swift */; };
		C852C29D2E70977100168117 /* View+.swift in Sources */ = {isa = PBXBuildFile; fileRef = C852C29A2E70977100168117 /* View+.swift */; };
		C852C29F2E70DFE300168117 /* UIConstants.swift in Sources */ = {isa = PBXBuildFile; fileRef = C852C29E2E70DFE300168117 /* UIConstants.swift */; };
		C852C2A02E70DFE300168117 /* UIConstants.swift in Sources */ = {isa = PBXBuildFile; fileRef = C852C29E2E70DFE300168117 /* UIConstants.swift */; };
		C852C2A12E70DFE300168117 /* UIConstants.swift in Sources */ = {isa = PBXBuildFile; fileRef = C852C29E2E70DFE300168117 /* UIConstants.swift */; };
		C852C2A32E71229200168117 /* UIStrings.swift in Sources */ = {isa = PBXBuildFile; fileRef = C852C2A22E71229200168117 /* UIStrings.swift */; };
		C852C2A42E71229200168117 /* UIStrings.swift in Sources */ = {isa = PBXBuildFile; fileRef = C852C2A22E71229200168117 /* UIStrings.swift */; };
		C852C2A52E71229200168117 /* UIStrings.swift in Sources */ = {isa = PBXBuildFile; fileRef = C852C2A22E71229200168117 /* UIStrings.swift */; };
		C852C2A72E71234F00168117 /* BillOutputView.swift in Sources */ = {isa = PBXBuildFile; fileRef = C852C2A62E71234F00168117 /* BillOutputView.swift */; };
		C852C2A82E71234F00168117 /* BillOutputView.swift in Sources */ = {isa = PBXBuildFile; fileRef = C852C2A62E71234F00168117 /* BillOutputView.swift */; };
		C852C2A92E71234F00168117 /* BillOutputView.swift in Sources */ = {isa = PBXBuildFile; fileRef = C852C2A62E71234F00168117 /* BillOutputView.swift */; };
		C852C2AB2E713C3C00168117 /* ViewModifiers.swift in Sources */ = {isa = PBXBuildFile; fileRef = C852C2AA2E713C3C00168117 /* ViewModifiers.swift */; };
		C852C2AC2E713C3C00168117 /* ViewModifiers.swift in Sources */ = {isa = PBXBuildFile; fileRef = C852C2AA2E713C3C00168117 /* ViewModifiers.swift */; };
		C852C2AD2E713C3C00168117 /* ViewModifiers.swift in Sources */ = {isa = PBXBuildFile; fileRef = C852C2AA2E713C3C00168117 /* ViewModifiers.swift */; };
		C852C2BE2E74B08D00168117 /* LoaderView.swift in Sources */ = {isa = PBXBuildFile; fileRef = C852C2BD2E74B08D00168117 /* LoaderView.swift */; };
		C852C2BF2E74B08D00168117 /* LoaderView.swift in Sources */ = {isa = PBXBuildFile; fileRef = C852C2BD2E74B08D00168117 /* LoaderView.swift */; };
		C852C2C02E74B08D00168117 /* LoaderView.swift in Sources */ = {isa = PBXBuildFile; fileRef = C852C2BD2E74B08D00168117 /* LoaderView.swift */; };
		C852C2C22E74B62500168117 /* AppSettings.swift in Sources */ = {isa = PBXBuildFile; fileRef = C852C2C12E74B62500168117 /* AppSettings.swift */; };
		C852C2C52E74C84500168117 /* GoogleMobileAds in Frameworks */ = {isa = PBXBuildFile; productRef = C852C2C42E74C84500168117 /* GoogleMobileAds */; };
		C852C2C92E74CA8600168117 /* Info.plist in Resources */ = {isa = PBXBuildFile; fileRef = C852C2C82E74CA8600168117 /* Info.plist */; };
		C852C2CD2E74CB7F00168117 /* BannerAdView.swift in Sources */ = {isa = PBXBuildFile; fileRef = C852C2CC2E74CB7F00168117 /* BannerAdView.swift */; };
		C852C2CE2E74CB7F00168117 /* BannerAdView.swift in Sources */ = {isa = PBXBuildFile; fileRef = C852C2CC2E74CB7F00168117 /* BannerAdView.swift */; };
		C852C2CF2E74CB7F00168117 /* BannerAdView.swift in Sources */ = {isa = PBXBuildFile; fileRef = C852C2CC2E74CB7F00168117 /* BannerAdView.swift */; };
		C852C2D22E74D28800168117 /* TipDetailView.swift in Sources */ = {isa = PBXBuildFile; fileRef = C852C2D12E74D28800168117 /* TipDetailView.swift */; };
		C852C2D32E74D28800168117 /* TipDetailView.swift in Sources */ = {isa = PBXBuildFile; fileRef = C852C2D12E74D28800168117 /* TipDetailView.swift */; };
		C852C2D42E74D28800168117 /* TipDetailView.swift in Sources */ = {isa = PBXBuildFile; fileRef = C852C2D12E74D28800168117 /* TipDetailView.swift */; };
		C852C2D62E74D4FB00168117 /* ReceiptRow.swift in Sources */ = {isa = PBXBuildFile; fileRef = C852C2D52E74D4FB00168117 /* ReceiptRow.swift */; };
		C852C2D72E74D4FB00168117 /* ReceiptRow.swift in Sources */ = {isa = PBXBuildFile; fileRef = C852C2D52E74D4FB00168117 /* ReceiptRow.swift */; };
		C852C2D82E74D4FB00168117 /* ReceiptRow.swift in Sources */ = {isa = PBXBuildFile; fileRef = C852C2D52E74D4FB00168117 /* ReceiptRow.swift */; };
		C852C2DA2E772C1A00168117 /* HistoryListItemView.swift in Sources */ = {isa = PBXBuildFile; fileRef = C852C2D92E772C1A00168117 /* HistoryListItemView.swift */; };
		C852C2E02E772CE800168117 /* Date+.swift in Sources */ = {isa = PBXBuildFile; fileRef = C852C2DF2E772CE800168117 /* Date+.swift */; };
		C852C2E12E772CE800168117 /* Date+.swift in Sources */ = {isa = PBXBuildFile; fileRef = C852C2DF2E772CE800168117 /* Date+.swift */; };
		C852C2E22E772CE800168117 /* Date+.swift in Sources */ = {isa = PBXBuildFile; fileRef = C852C2DF2E772CE800168117 /* Date+.swift */; };
		C852C2E42E773D2E00168117 /* HistoryViewHeaderView.swift in Sources */ = {isa = PBXBuildFile; fileRef = C852C2E32E773D2E00168117 /* HistoryViewHeaderView.swift */; };
		C8DB23992E7763D900F852FF /* InterstitialAdManager.swift in Sources */ = {isa = PBXBuildFile; fileRef = C8DB23982E7763D900F852FF /* InterstitialAdManager.swift */; };
		C8DB239A2E7763D900F852FF /* InterstitialAdManager.swift in Sources */ = {isa = PBXBuildFile; fileRef = C8DB23982E7763D900F852FF /* InterstitialAdManager.swift */; };
		C8DB239B2E7763D900F852FF /* InterstitialAdManager.swift in Sources */ = {isa = PBXBuildFile; fileRef = C8DB23982E7763D900F852FF /* InterstitialAdManager.swift */; };
/* End PBXBuildFile section */

/* Begin PBXContainerItemProxy section */
		C84FC4462E6A13AA00E13B7A /* PBXContainerItemProxy */ = {
			isa = PBXContainerItemProxy;
			containerPortal = C84FC42B2E6A13A900E13B7A /* Project object */;
			proxyType = 1;
			remoteGlobalIDString = C84FC4322E6A13A900E13B7A;
			remoteInfo = HitTipsSwiftUI;
		};
		C84FC4502E6A13AA00E13B7A /* PBXContainerItemProxy */ = {
			isa = PBXContainerItemProxy;
			containerPortal = C84FC42B2E6A13A900E13B7A /* Project object */;
			proxyType = 1;
			remoteGlobalIDString = C84FC4322E6A13A900E13B7A;
			remoteInfo = HitTipsSwiftUI;
		};
/* End PBXContainerItemProxy section */

/* Begin PBXFileReference section */
		C84FC4332E6A13A900E13B7A /* HitTipsSwiftUI.app */ = {isa = PBXFileReference; explicitFileType = wrapper.application; includeInIndex = 0; path = HitTipsSwiftUI.app; sourceTree = BUILT_PRODUCTS_DIR; };
		C84FC4452E6A13AA00E13B7A /* HitTipsSwiftUITests.xctest */ = {isa = PBXFileReference; explicitFileType = wrapper.cfbundle; includeInIndex = 0; path = HitTipsSwiftUITests.xctest; sourceTree = BUILT_PRODUCTS_DIR; };
		C84FC44F2E6A13AA00E13B7A /* HitTipsSwiftUIUITests.xctest */ = {isa = PBXFileReference; explicitFileType = wrapper.cfbundle; includeInIndex = 0; path = HitTipsSwiftUIUITests.xctest; sourceTree = BUILT_PRODUCTS_DIR; };
		C84FC4702E6A232500E13B7A /* Tip.swift */ = {isa = PBXFileReference; lastKnownFileType = sourcecode.swift; path = Tip.swift; sourceTree = "<group>"; };
		C84FC4722E6A232500E13B7A /* Preview Assets.xcassets */ = {isa = PBXFileReference; lastKnownFileType = folder.assetcatalog; path = "Preview Assets.xcassets"; sourceTree = "<group>"; };
		C84FC4742E6A232500E13B7A /* Assets.xcassets */ = {isa = PBXFileReference; lastKnownFileType = folder.assetcatalog; path = Assets.xcassets; sourceTree = "<group>"; };
		C84FC4752E6A232500E13B7A /* HitTipsSwiftUIApp.swift */ = {isa = PBXFileReference; lastKnownFileType = sourcecode.swift; path = HitTipsSwiftUIApp.swift; sourceTree = "<group>"; };
		C84FC4782E6A232500E13B7A /* ContentView.swift */ = {isa = PBXFileReference; lastKnownFileType = sourcecode.swift; path = ContentView.swift; sourceTree = "<group>"; };
		C84FC4792E6A232500E13B7A /* HistoryView.swift */ = {isa = PBXFileReference; lastKnownFileType = sourcecode.swift; path = HistoryView.swift; sourceTree = "<group>"; };
		C84FC47A2E6A232500E13B7A /* HomeView.swift */ = {isa = PBXFileReference; lastKnownFileType = sourcecode.swift; path = HomeView.swift; sourceTree = "<group>"; };
		C84FC48C2E6A2F7200E13B7A /* SplashScreenView.swift */ = {isa = PBXFileReference; lastKnownFileType = sourcecode.swift; path = SplashScreenView.swift; sourceTree = "<group>"; };
		C84FC4902E6A32A400E13B7A /* HomeViewModel.swift */ = {isa = PBXFileReference; lastKnownFileType = sourcecode.swift; path = HomeViewModel.swift; sourceTree = "<group>"; };
		C84FC4942E6A3E3600E13B7A /* TipCalculationView.swift */ = {isa = PBXFileReference; lastKnownFileType = sourcecode.swift; path = TipCalculationView.swift; sourceTree = "<group>"; };
		C852C2712E6B94BF00168117 /* GoogleService-Info.plist */ = {isa = PBXFileReference; lastKnownFileType = text.plist.xml; path = "GoogleService-Info.plist"; sourceTree = "<group>"; };
		C852C27C2E6BD2E700168117 /* APIService.swift */ = {isa = PBXFileReference; lastKnownFileType = sourcecode.swift; path = APIService.swift; sourceTree = "<group>"; };
		C852C2822E6E0AF200168117 /* TipCalculationViewModel.swift */ = {isa = PBXFileReference; lastKnownFileType = sourcecode.swift; path = TipCalculationViewModel.swift; sourceTree = "<group>"; };
		C852C2862E6E0EA700168117 /* HTTextField.swift */ = {isa = PBXFileReference; lastKnownFileType = sourcecode.swift; path = HTTextField.swift; sourceTree = "<group>"; };
		C852C28A2E6FACD400168117 /* Color+.swift */ = {isa = PBXFileReference; lastKnownFileType = sourcecode.swift; path = "Color+.swift"; sourceTree = "<group>"; };
		C852C28E2E6FAF5900168117 /* HTPickerView.swift */ = {isa = PBXFileReference; lastKnownFileType = sourcecode.swift; path = HTPickerView.swift; sourceTree = "<group>"; };
		C852C2922E6FB53400168117 /* Font+.swift */ = {isa = PBXFileReference; lastKnownFileType = sourcecode.swift; path = "Font+.swift"; sourceTree = "<group>"; };
		C852C2962E6FBD0100168117 /* CustomPickerWheel.swift */ = {isa = PBXFileReference; lastKnownFileType = sourcecode.swift; path = CustomPickerWheel.swift; sourceTree = "<group>"; };
		C852C29A2E70977100168117 /* View+.swift */ = {isa = PBXFileReference; lastKnownFileType = sourcecode.swift; path = "View+.swift"; sourceTree = "<group>"; };
		C852C29E2E70DFE300168117 /* UIConstants.swift */ = {isa = PBXFileReference; lastKnownFileType = sourcecode.swift; path = UIConstants.swift; sourceTree = "<group>"; };
		C852C2A22E71229200168117 /* UIStrings.swift */ = {isa = PBXFileReference; lastKnownFileType = sourcecode.swift; path = UIStrings.swift; sourceTree = "<group>"; };
		C852C2A62E71234F00168117 /* BillOutputView.swift */ = {isa = PBXFileReference; lastKnownFileType = sourcecode.swift; path = BillOutputView.swift; sourceTree = "<group>"; };
		C852C2AA2E713C3C00168117 /* ViewModifiers.swift */ = {isa = PBXFileReference; lastKnownFileType = sourcecode.swift; path = ViewModifiers.swift; sourceTree = "<group>"; };
		C852C2BD2E74B08D00168117 /* LoaderView.swift */ = {isa = PBXFileReference; lastKnownFileType = sourcecode.swift; path = LoaderView.swift; sourceTree = "<group>"; };
		C852C2C12E74B62500168117 /* AppSettings.swift */ = {isa = PBXFileReference; lastKnownFileType = sourcecode.swift; path = AppSettings.swift; sourceTree = "<group>"; };
		C852C2C82E74CA8600168117 /* Info.plist */ = {isa = PBXFileReference; lastKnownFileType = text.plist.xml; path = Info.plist; sourceTree = "<group>"; };
		C852C2CC2E74CB7F00168117 /* BannerAdView.swift */ = {isa = PBXFileReference; lastKnownFileType = sourcecode.swift; path = BannerAdView.swift; sourceTree = "<group>"; };
		C852C2D12E74D28800168117 /* TipDetailView.swift */ = {isa = PBXFileReference; lastKnownFileType = sourcecode.swift; path = TipDetailView.swift; sourceTree = "<group>"; };
		C852C2D52E74D4FB00168117 /* ReceiptRow.swift */ = {isa = PBXFileReference; lastKnownFileType = sourcecode.swift; path = ReceiptRow.swift; sourceTree = "<group>"; };
		C852C2D92E772C1A00168117 /* HistoryListItemView.swift */ = {isa = PBXFileReference; lastKnownFileType = sourcecode.swift; path = HistoryListItemView.swift; sourceTree = "<group>"; };
		C852C2DF2E772CE800168117 /* Date+.swift */ = {isa = PBXFileReference; lastKnownFileType = sourcecode.swift; path = "Date+.swift"; sourceTree = "<group>"; };
		C852C2E32E773D2E00168117 /* HistoryViewHeaderView.swift */ = {isa = PBXFileReference; lastKnownFileType = sourcecode.swift; path = HistoryViewHeaderView.swift; sourceTree = "<group>"; };
		C8DB23982E7763D900F852FF /* InterstitialAdManager.swift */ = {isa = PBXFileReference; lastKnownFileType = sourcecode.swift; path = InterstitialAdManager.swift; sourceTree = "<group>"; };
/* End PBXFileReference section */

/* Begin PBXFileSystemSynchronizedRootGroup section */
		C84FC4482E6A13AA00E13B7A /* HitTipsSwiftUITests */ = {
			isa = PBXFileSystemSynchronizedRootGroup;
			path = HitTipsSwiftUITests;
			sourceTree = "<group>";
		};
		C84FC4522E6A13AA00E13B7A /* HitTipsSwiftUIUITests */ = {
			isa = PBXFileSystemSynchronizedRootGroup;
			path = HitTipsSwiftUIUITests;
			sourceTree = "<group>";
		};
/* End PBXFileSystemSynchronizedRootGroup section */

/* Begin PBXFrameworksBuildPhase section */
		C84FC4302E6A13A900E13B7A /* Frameworks */ = {
			isa = PBXFrameworksBuildPhase;
			buildActionMask = 2147483647;
			files = (
				C852C2812E6E047200168117 /* FirebaseAppCheck in Frameworks */,
				C852C27B2E6B9DD100168117 /* FirebaseFunctions in Frameworks */,
				C852C2C52E74C84500168117 /* GoogleMobileAds in Frameworks */,
				C852C2772E6B956C00168117 /* FirebaseAnalytics in Frameworks */,
				C852C2792E6B956C00168117 /* FirebaseFirestore in Frameworks */,
			);
			runOnlyForDeploymentPostprocessing = 0;
		};
		C84FC4422E6A13AA00E13B7A /* Frameworks */ = {
			isa = PBXFrameworksBuildPhase;
			buildActionMask = 2147483647;
			files = (
			);
			runOnlyForDeploymentPostprocessing = 0;
		};
		C84FC44C2E6A13AA00E13B7A /* Frameworks */ = {
			isa = PBXFrameworksBuildPhase;
			buildActionMask = 2147483647;
			files = (
			);
			runOnlyForDeploymentPostprocessing = 0;
		};
/* End PBXFrameworksBuildPhase section */

/* Begin PBXGroup section */
		C84FC42A2E6A13A900E13B7A = {
			isa = PBXGroup;
			children = (
				C84FC47C2E6A232500E13B7A /* HitTipsSwiftUI */,
				C84FC4482E6A13AA00E13B7A /* HitTipsSwiftUITests */,
				C84FC4522E6A13AA00E13B7A /* HitTipsSwiftUIUITests */,
				C84FC4342E6A13A900E13B7A /* Products */,
			);
			sourceTree = "<group>";
		};
		C84FC4342E6A13A900E13B7A /* Products */ = {
			isa = PBXGroup;
			children = (
				C84FC4332E6A13A900E13B7A /* HitTipsSwiftUI.app */,
				C84FC4452E6A13AA00E13B7A /* HitTipsSwiftUITests.xctest */,
				C84FC44F2E6A13AA00E13B7A /* HitTipsSwiftUIUITests.xctest */,
			);
			name = Products;
			sourceTree = "<group>";
		};
		C84FC4712E6A232500E13B7A /* Models */ = {
			isa = PBXGroup;
			children = (
				C84FC4702E6A232500E13B7A /* Tip.swift */,
				C852C2C12E74B62500168117 /* AppSettings.swift */,
			);
			path = Models;
			sourceTree = "<group>";
		};
		C84FC4732E6A232500E13B7A /* Preview Content */ = {
			isa = PBXGroup;
			children = (
				C84FC4722E6A232500E13B7A /* Preview Assets.xcassets */,
			);
			path = "Preview Content";
			sourceTree = "<group>";
		};
		C84FC4762E6A232500E13B7A /* Resources */ = {
			isa = PBXGroup;
			children = (
				C84FC4752E6A232500E13B7A /* HitTipsSwiftUIApp.swift */,
				C84FC4742E6A232500E13B7A /* Assets.xcassets */,
			);
			path = Resources;
			sourceTree = "<group>";
		};
		C84FC47B2E6A232500E13B7A /* Views */ = {
			isa = PBXGroup;
			children = (
				C84FC48C2E6A2F7200E13B7A /* SplashScreenView.swift */,
				C84FC4782E6A232500E13B7A /* ContentView.swift */,
				C84FC48A2E6A23A400E13B7A /* Home Page */,
				C852C2D02E74D27300168117 /* Tip Detail */,
				C84FC48B2E6A23AD00E13B7A /* History */,
				C852C2CB2E74CB5D00168117 /* Utility Views */,
			);
			path = Views;
			sourceTree = "<group>";
		};
		C84FC47C2E6A232500E13B7A /* HitTipsSwiftUI */ = {
			isa = PBXGroup;
			children = (
				C84FC47B2E6A232500E13B7A /* Views */,
				C84FC4712E6A232500E13B7A /* Models */,
				C84FC4892E6A235B00E13B7A /* Utilities */,
				C84FC4882E6A234E00E13B7A /* Services */,
				C84FC4762E6A232500E13B7A /* Resources */,
				C84FC4732E6A232500E13B7A /* Preview Content */,
				C852C2C82E74CA8600168117 /* Info.plist */,
				C852C2712E6B94BF00168117 /* GoogleService-Info.plist */,
			);
			path = HitTipsSwiftUI;
			sourceTree = "<group>";
		};
		C84FC4882E6A234E00E13B7A /* Services */ = {
			isa = PBXGroup;
			children = (
				C852C27C2E6BD2E700168117 /* APIService.swift */,
				C8DB23982E7763D900F852FF /* InterstitialAdManager.swift */,
			);
			path = Services;
			sourceTree = "<group>";
		};
		C84FC4892E6A235B00E13B7A /* Utilities */ = {
			isa = PBXGroup;
			children = (
				C852C28A2E6FACD400168117 /* Color+.swift */,
				C852C2922E6FB53400168117 /* Font+.swift */,
				C852C29A2E70977100168117 /* View+.swift */,
				C852C29E2E70DFE300168117 /* UIConstants.swift */,
				C852C2A22E71229200168117 /* UIStrings.swift */,
				C852C2AA2E713C3C00168117 /* ViewModifiers.swift */,
				C852C2DF2E772CE800168117 /* Date+.swift */,
			);
			path = Utilities;
			sourceTree = "<group>";
		};
		C84FC48A2E6A23A400E13B7A /* Home Page */ = {
			isa = PBXGroup;
			children = (
				C852C2BC2E74A92000168117 /* Home */,
				C852C2BB2E74A90900168117 /* TipCalculation */,
			);
			path = "Home Page";
			sourceTree = "<group>";
		};
		C84FC48B2E6A23AD00E13B7A /* History */ = {
			isa = PBXGroup;
			children = (
				C852C2E32E773D2E00168117 /* HistoryViewHeaderView.swift */,
				C84FC4792E6A232500E13B7A /* HistoryView.swift */,
				C852C2D92E772C1A00168117 /* HistoryListItemView.swift */,
			);
			path = History;
			sourceTree = "<group>";
		};
		C852C2BB2E74A90900168117 /* TipCalculation */ = {
			isa = PBXGroup;
			children = (
				C84FC4942E6A3E3600E13B7A /* TipCalculationView.swift */,
				C852C2822E6E0AF200168117 /* TipCalculationViewModel.swift */,
				C852C2862E6E0EA700168117 /* HTTextField.swift */,
				C852C28E2E6FAF5900168117 /* HTPickerView.swift */,
				C852C2962E6FBD0100168117 /* CustomPickerWheel.swift */,
				C852C2A62E71234F00168117 /* BillOutputView.swift */,
			);
			path = TipCalculation;
			sourceTree = "<group>";
		};
		C852C2BC2E74A92000168117 /* Home */ = {
			isa = PBXGroup;
			children = (
				C84FC47A2E6A232500E13B7A /* HomeView.swift */,
				C84FC4902E6A32A400E13B7A /* HomeViewModel.swift */,
			);
			path = Home;
			sourceTree = "<group>";
		};
		C852C2CB2E74CB5D00168117 /* Utility Views */ = {
			isa = PBXGroup;
			children = (
				C852C2BD2E74B08D00168117 /* LoaderView.swift */,
				C852C2CC2E74CB7F00168117 /* BannerAdView.swift */,
			);
			path = "Utility Views";
			sourceTree = "<group>";
		};
		C852C2D02E74D27300168117 /* Tip Detail */ = {
			isa = PBXGroup;
			children = (
				C852C2D12E74D28800168117 /* TipDetailView.swift */,
				C852C2D52E74D4FB00168117 /* ReceiptRow.swift */,
			);
			path = "Tip Detail";
			sourceTree = "<group>";
		};
/* End PBXGroup section */

/* Begin PBXNativeTarget section */
		C84FC4322E6A13A900E13B7A /* HitTipsSwiftUI */ = {
			isa = PBXNativeTarget;
			buildConfigurationList = C84FC4592E6A13AA00E13B7A /* Build configuration list for PBXNativeTarget "HitTipsSwiftUI" */;
			buildPhases = (
				C84FC42F2E6A13A900E13B7A /* Sources */,
				C84FC4302E6A13A900E13B7A /* Frameworks */,
				C84FC4312E6A13A900E13B7A /* Resources */,
			);
			buildRules = (
			);
			dependencies = (
			);
			name = HitTipsSwiftUI;
			packageProductDependencies = (
				C852C2762E6B956C00168117 /* FirebaseAnalytics */,
				C852C2782E6B956C00168117 /* FirebaseFirestore */,
				C852C27A2E6B9DD100168117 /* FirebaseFunctions */,
				C852C2802E6E047200168117 /* FirebaseAppCheck */,
				C852C2C42E74C84500168117 /* GoogleMobileAds */,
			);
			productName = HitTipsSwiftUI;
			productReference = C84FC4332E6A13A900E13B7A /* HitTipsSwiftUI.app */;
			productType = "com.apple.product-type.application";
		};
		C84FC4442E6A13AA00E13B7A /* HitTipsSwiftUITests */ = {
			isa = PBXNativeTarget;
			buildConfigurationList = C84FC45C2E6A13AA00E13B7A /* Build configuration list for PBXNativeTarget "HitTipsSwiftUITests" */;
			buildPhases = (
				C84FC4412E6A13AA00E13B7A /* Sources */,
				C84FC4422E6A13AA00E13B7A /* Frameworks */,
				C84FC4432E6A13AA00E13B7A /* Resources */,
			);
			buildRules = (
			);
			dependencies = (
				C84FC4472E6A13AA00E13B7A /* PBXTargetDependency */,
			);
			fileSystemSynchronizedGroups = (
				C84FC4482E6A13AA00E13B7A /* HitTipsSwiftUITests */,
			);
			name = HitTipsSwiftUITests;
			packageProductDependencies = (
			);
			productName = HitTipsSwiftUITests;
			productReference = C84FC4452E6A13AA00E13B7A /* HitTipsSwiftUITests.xctest */;
			productType = "com.apple.product-type.bundle.unit-test";
		};
		C84FC44E2E6A13AA00E13B7A /* HitTipsSwiftUIUITests */ = {
			isa = PBXNativeTarget;
			buildConfigurationList = C84FC45F2E6A13AA00E13B7A /* Build configuration list for PBXNativeTarget "HitTipsSwiftUIUITests" */;
			buildPhases = (
				C84FC44B2E6A13AA00E13B7A /* Sources */,
				C84FC44C2E6A13AA00E13B7A /* Frameworks */,
				C84FC44D2E6A13AA00E13B7A /* Resources */,
			);
			buildRules = (
			);
			dependencies = (
				C84FC4512E6A13AA00E13B7A /* PBXTargetDependency */,
			);
			fileSystemSynchronizedGroups = (
				C84FC4522E6A13AA00E13B7A /* HitTipsSwiftUIUITests */,
			);
			name = HitTipsSwiftUIUITests;
			packageProductDependencies = (
			);
			productName = HitTipsSwiftUIUITests;
			productReference = C84FC44F2E6A13AA00E13B7A /* HitTipsSwiftUIUITests.xctest */;
			productType = "com.apple.product-type.bundle.ui-testing";
		};
/* End PBXNativeTarget section */

/* Begin PBXProject section */
		C84FC42B2E6A13A900E13B7A /* Project object */ = {
			isa = PBXProject;
			attributes = {
				BuildIndependentTargetsInParallel = 1;
				LastSwiftUpdateCheck = 1610;
				LastUpgradeCheck = 1610;
				TargetAttributes = {
					C84FC4322E6A13A900E13B7A = {
						CreatedOnToolsVersion = 16.1;
					};
					C84FC4442E6A13AA00E13B7A = {
						CreatedOnToolsVersion = 16.1;
						TestTargetID = C84FC4322E6A13A900E13B7A;
					};
					C84FC44E2E6A13AA00E13B7A = {
						CreatedOnToolsVersion = 16.1;
						TestTargetID = C84FC4322E6A13A900E13B7A;
					};
				};
			};
			buildConfigurationList = C84FC42E2E6A13A900E13B7A /* Build configuration list for PBXProject "HitTipsSwiftUI" */;
			developmentRegion = en;
			hasScannedForEncodings = 0;
			knownRegions = (
				en,
				Base,
			);
			mainGroup = C84FC42A2E6A13A900E13B7A;
			minimizedProjectReferenceProxies = 1;
			packageReferences = (
				C852C2752E6B956C00168117 /* XCRemoteSwiftPackageReference "firebase-ios-sdk" */,
				C852C2C32E74C84500168117 /* XCRemoteSwiftPackageReference "swift-package-manager-google-mobile-ads" */,
			);
			preferredProjectObjectVersion = 77;
			productRefGroup = C84FC4342E6A13A900E13B7A /* Products */;
			projectDirPath = "";
			projectRoot = "";
			targets = (
				C84FC4322E6A13A900E13B7A /* HitTipsSwiftUI */,
				C84FC4442E6A13AA00E13B7A /* HitTipsSwiftUITests */,
				C84FC44E2E6A13AA00E13B7A /* HitTipsSwiftUIUITests */,
			);
		};
/* End PBXProject section */

/* Begin PBXResourcesBuildPhase section */
		C84FC4312E6A13A900E13B7A /* Resources */ = {
			isa = PBXResourcesBuildPhase;
			buildActionMask = 2147483647;
			files = (
				C84FC4822E6A232500E13B7A /* Preview Assets.xcassets in Resources */,
				C84FC4832E6A232500E13B7A /* Assets.xcassets in Resources */,
				C852C2732E6B94BF00168117 /* GoogleService-Info.plist in Resources */,
			);
			runOnlyForDeploymentPostprocessing = 0;
		};
		C84FC4432E6A13AA00E13B7A /* Resources */ = {
			isa = PBXResourcesBuildPhase;
			buildActionMask = 2147483647;
			files = (
				C852C2C92E74CA8600168117 /* Info.plist in Resources */,
				C852C2722E6B94BF00168117 /* GoogleService-Info.plist in Resources */,
			);
			runOnlyForDeploymentPostprocessing = 0;
		};
		C84FC44D2E6A13AA00E13B7A /* Resources */ = {
			isa = PBXResourcesBuildPhase;
			buildActionMask = 2147483647;
			files = (
				C852C2742E6B94BF00168117 /* GoogleService-Info.plist in Resources */,
			);
			runOnlyForDeploymentPostprocessing = 0;
		};
/* End PBXResourcesBuildPhase section */

/* Begin PBXSourcesBuildPhase section */
		C84FC42F2E6A13A900E13B7A /* Sources */ = {
			isa = PBXSourcesBuildPhase;
			buildActionMask = 2147483647;
			files = (
				C852C2A72E71234F00168117 /* BillOutputView.swift in Sources */,
				C852C2CF2E74CB7F00168117 /* BannerAdView.swift in Sources */,
				C84FC47D2E6A232500E13B7A /* Tip.swift in Sources */,
				C852C2992E6FBD0100168117 /* CustomPickerWheel.swift in Sources */,
				C852C28B2E6FACD400168117 /* Color+.swift in Sources */,
				C84FC47E2E6A232500E13B7A /* HitTipsSwiftUIApp.swift in Sources */,
				C84FC4972E6A3E3600E13B7A /* TipCalculationView.swift in Sources */,
				C84FC4912E6A32A400E13B7A /* HomeViewModel.swift in Sources */,
				C852C2A32E71229200168117 /* UIStrings.swift in Sources */,
				C852C2E02E772CE800168117 /* Date+.swift in Sources */,
				C84FC47F2E6A232500E13B7A /* ContentView.swift in Sources */,
				C84FC4802E6A232500E13B7A /* HistoryView.swift in Sources */,
				C852C2D72E74D4FB00168117 /* ReceiptRow.swift in Sources */,
				C852C2A02E70DFE300168117 /* UIConstants.swift in Sources */,
				C84FC4812E6A232500E13B7A /* HomeView.swift in Sources */,
				C852C2952E6FB53400168117 /* Font+.swift in Sources */,
				C852C27F2E6BD2E700168117 /* APIService.swift in Sources */,
				C852C2DA2E772C1A00168117 /* HistoryListItemView.swift in Sources */,
				C852C2832E6E0AF200168117 /* TipCalculationViewModel.swift in Sources */,
				C852C2AB2E713C3C00168117 /* ViewModifiers.swift in Sources */,
				C852C2D22E74D28800168117 /* TipDetailView.swift in Sources */,
				C852C29B2E70977100168117 /* View+.swift in Sources */,
				C8DB23992E7763D900F852FF /* InterstitialAdManager.swift in Sources */,
				C852C2BE2E74B08D00168117 /* LoaderView.swift in Sources */,
				C852C2C22E74B62500168117 /* AppSettings.swift in Sources */,
				C84FC48D2E6A2F7200E13B7A /* SplashScreenView.swift in Sources */,
				C852C2892E6E0EA700168117 /* HTTextField.swift in Sources */,
				C852C2912E6FAF5900168117 /* HTPickerView.swift in Sources */,
				C852C2E42E773D2E00168117 /* HistoryViewHeaderView.swift in Sources */,
			);
			runOnlyForDeploymentPostprocessing = 0;
		};
		C84FC4412E6A13AA00E13B7A /* Sources */ = {
			isa = PBXSourcesBuildPhase;
			buildActionMask = 2147483647;
			files = (
				C852C2E22E772CE800168117 /* Date+.swift in Sources */,
				C852C2932E6FB53400168117 /* Font+.swift in Sources */,
				C852C2882E6E0EA700168117 /* HTTextField.swift in Sources */,
				C852C2A42E71229200168117 /* UIStrings.swift in Sources */,
				C852C2AD2E713C3C00168117 /* ViewModifiers.swift in Sources */,
				C852C29F2E70DFE300168117 /* UIConstants.swift in Sources */,
				C852C28D2E6FACD400168117 /* Color+.swift in Sources */,
				C852C2852E6E0AF200168117 /* TipCalculationViewModel.swift in Sources */,
				C852C2C02E74B08D00168117 /* LoaderView.swift in Sources */,
				C852C29D2E70977100168117 /* View+.swift in Sources */,
				C84FC4842E6A232500E13B7A /* HomeView.swift in Sources */,
				C852C27D2E6BD2E700168117 /* APIService.swift in Sources */,
				C852C2D32E74D28800168117 /* TipDetailView.swift in Sources */,
				C852C2CE2E74CB7F00168117 /* BannerAdView.swift in Sources */,
				C84FC4952E6A3E3600E13B7A /* TipCalculationView.swift in Sources */,
				C852C2A82E71234F00168117 /* BillOutputView.swift in Sources */,
				C852C2D82E74D4FB00168117 /* ReceiptRow.swift in Sources */,
				C8DB239A2E7763D900F852FF /* InterstitialAdManager.swift in Sources */,
				C84FC4852E6A232500E13B7A /* ContentView.swift in Sources */,
				C852C2902E6FAF5900168117 /* HTPickerView.swift in Sources */,
				C84FC4922E6A32A400E13B7A /* HomeViewModel.swift in Sources */,
				C852C2972E6FBD0100168117 /* CustomPickerWheel.swift in Sources */,
				C84FC48F2E6A2F7200E13B7A /* SplashScreenView.swift in Sources */,
			);
			runOnlyForDeploymentPostprocessing = 0;
		};
		C84FC44B2E6A13AA00E13B7A /* Sources */ = {
			isa = PBXSourcesBuildPhase;
			buildActionMask = 2147483647;
			files = (
				C84FC4862E6A232500E13B7A /* HomeView.swift in Sources */,
				C84FC4932E6A32A400E13B7A /* HomeViewModel.swift in Sources */,
				C852C2842E6E0AF200168117 /* TipCalculationViewModel.swift in Sources */,
				C852C2D62E74D4FB00168117 /* ReceiptRow.swift in Sources */,
				C852C2CD2E74CB7F00168117 /* BannerAdView.swift in Sources */,
				C852C2AC2E713C3C00168117 /* ViewModifiers.swift in Sources */,
				C852C2982E6FBD0100168117 /* CustomPickerWheel.swift in Sources */,
				C852C2A92E71234F00168117 /* BillOutputView.swift in Sources */,
				C84FC4872E6A232500E13B7A /* ContentView.swift in Sources */,
				C852C2942E6FB53400168117 /* Font+.swift in Sources */,
				C84FC48E2E6A2F7200E13B7A /* SplashScreenView.swift in Sources */,
				C852C2A12E70DFE300168117 /* UIConstants.swift in Sources */,
				C84FC4962E6A3E3600E13B7A /* TipCalculationView.swift in Sources */,
				C852C2A52E71229200168117 /* UIStrings.swift in Sources */,
				C852C2E12E772CE800168117 /* Date+.swift in Sources */,
				C852C27E2E6BD2E700168117 /* APIService.swift in Sources */,
				C852C28C2E6FACD400168117 /* Color+.swift in Sources */,
				C852C28F2E6FAF5900168117 /* HTPickerView.swift in Sources */,
				C852C2BF2E74B08D00168117 /* LoaderView.swift in Sources */,
				C852C2D42E74D28800168117 /* TipDetailView.swift in Sources */,
				C852C29C2E70977100168117 /* View+.swift in Sources */,
				C852C2872E6E0EA700168117 /* HTTextField.swift in Sources */,
				C8DB239B2E7763D900F852FF /* InterstitialAdManager.swift in Sources */,
			);
			runOnlyForDeploymentPostprocessing = 0;
		};
/* End PBXSourcesBuildPhase section */

/* Begin PBXTargetDependency section */
		C84FC4472E6A13AA00E13B7A /* PBXTargetDependency */ = {
			isa = PBXTargetDependency;
			target = C84FC4322E6A13A900E13B7A /* HitTipsSwiftUI */;
			targetProxy = C84FC4462E6A13AA00E13B7A /* PBXContainerItemProxy */;
		};
		C84FC4512E6A13AA00E13B7A /* PBXTargetDependency */ = {
			isa = PBXTargetDependency;
			target = C84FC4322E6A13A900E13B7A /* HitTipsSwiftUI */;
			targetProxy = C84FC4502E6A13AA00E13B7A /* PBXContainerItemProxy */;
		};
/* End PBXTargetDependency section */

/* Begin XCBuildConfiguration section */
		C84FC4572E6A13AA00E13B7A /* Debug */ = {
			isa = XCBuildConfiguration;
			buildSettings = {
				ALWAYS_SEARCH_USER_PATHS = NO;
				ASSETCATALOG_COMPILER_GENERATE_SWIFT_ASSET_SYMBOL_EXTENSIONS = YES;
				CLANG_ANALYZER_NONNULL = YES;
				CLANG_ANALYZER_NUMBER_OBJECT_CONVERSION = YES_AGGRESSIVE;
				CLANG_CXX_LANGUAGE_STANDARD = "gnu++20";
				CLANG_ENABLE_MODULES = YES;
				CLANG_ENABLE_OBJC_ARC = YES;
				CLANG_ENABLE_OBJC_WEAK = YES;
				CLANG_WARN_BLOCK_CAPTURE_AUTORELEASING = YES;
				CLANG_WARN_BOOL_CONVERSION = YES;
				CLANG_WARN_COMMA = YES;
				CLANG_WARN_CONSTANT_CONVERSION = YES;
				CLANG_WARN_DEPRECATED_OBJC_IMPLEMENTATIONS = YES;
				CLANG_WARN_DIRECT_OBJC_ISA_USAGE = YES_ERROR;
				CLANG_WARN_DOCUMENTATION_COMMENTS = YES;
				CLANG_WARN_EMPTY_BODY = YES;
				CLANG_WARN_ENUM_CONVERSION = YES;
				CLANG_WARN_INFINITE_RECURSION = YES;
				CLANG_WARN_INT_CONVERSION = YES;
				CLANG_WARN_NON_LITERAL_NULL_CONVERSION = YES;
				CLANG_WARN_OBJC_IMPLICIT_RETAIN_SELF = YES;
				CLANG_WARN_OBJC_LITERAL_CONVERSION = YES;
				CLANG_WARN_OBJC_ROOT_CLASS = YES_ERROR;
				CLANG_WARN_QUOTED_INCLUDE_IN_FRAMEWORK_HEADER = YES;
				CLANG_WARN_RANGE_LOOP_ANALYSIS = YES;
				CLANG_WARN_STRICT_PROTOTYPES = YES;
				CLANG_WARN_SUSPICIOUS_MOVE = YES;
				CLANG_WARN_UNGUARDED_AVAILABILITY = YES_AGGRESSIVE;
				CLANG_WARN_UNREACHABLE_CODE = YES;
				CLANG_WARN__DUPLICATE_METHOD_MATCH = YES;
				COPY_PHASE_STRIP = NO;
				DEBUG_INFORMATION_FORMAT = dwarf;
				ENABLE_STRICT_OBJC_MSGSEND = YES;
				ENABLE_TESTABILITY = YES;
				ENABLE_USER_SCRIPT_SANDBOXING = YES;
				GCC_C_LANGUAGE_STANDARD = gnu17;
				GCC_DYNAMIC_NO_PIC = NO;
				GCC_NO_COMMON_BLOCKS = YES;
				GCC_OPTIMIZATION_LEVEL = 0;
				GCC_PREPROCESSOR_DEFINITIONS = (
					"DEBUG=1",
					"$(inherited)",
				);
				GCC_WARN_64_TO_32_BIT_CONVERSION = YES;
				GCC_WARN_ABOUT_RETURN_TYPE = YES_ERROR;
				GCC_WARN_UNDECLARED_SELECTOR = YES;
				GCC_WARN_UNINITIALIZED_AUTOS = YES_AGGRESSIVE;
				GCC_WARN_UNUSED_FUNCTION = YES;
				GCC_WARN_UNUSED_VARIABLE = YES;
				IPHONEOS_DEPLOYMENT_TARGET = 18.1;
				LOCALIZATION_PREFERS_STRING_CATALOGS = YES;
				MTL_ENABLE_DEBUG_INFO = INCLUDE_SOURCE;
				MTL_FAST_MATH = YES;
				ONLY_ACTIVE_ARCH = YES;
				SDKROOT = iphoneos;
				SWIFT_ACTIVE_COMPILATION_CONDITIONS = "DEBUG $(inherited)";
				SWIFT_OPTIMIZATION_LEVEL = "-Onone";
			};
			name = Debug;
		};
		C84FC4582E6A13AA00E13B7A /* Release */ = {
			isa = XCBuildConfiguration;
			buildSettings = {
				ALWAYS_SEARCH_USER_PATHS = NO;
				ASSETCATALOG_COMPILER_GENERATE_SWIFT_ASSET_SYMBOL_EXTENSIONS = YES;
				CLANG_ANALYZER_NONNULL = YES;
				CLANG_ANALYZER_NUMBER_OBJECT_CONVERSION = YES_AGGRESSIVE;
				CLANG_CXX_LANGUAGE_STANDARD = "gnu++20";
				CLANG_ENABLE_MODULES = YES;
				CLANG_ENABLE_OBJC_ARC = YES;
				CLANG_ENABLE_OBJC_WEAK = YES;
				CLANG_WARN_BLOCK_CAPTURE_AUTORELEASING = YES;
				CLANG_WARN_BOOL_CONVERSION = YES;
				CLANG_WARN_COMMA = YES;
				CLANG_WARN_CONSTANT_CONVERSION = YES;
				CLANG_WARN_DEPRECATED_OBJC_IMPLEMENTATIONS = YES;
				CLANG_WARN_DIRECT_OBJC_ISA_USAGE = YES_ERROR;
				CLANG_WARN_DOCUMENTATION_COMMENTS = YES;
				CLANG_WARN_EMPTY_BODY = YES;
				CLANG_WARN_ENUM_CONVERSION = YES;
				CLANG_WARN_INFINITE_RECURSION = YES;
				CLANG_WARN_INT_CONVERSION = YES;
				CLANG_WARN_NON_LITERAL_NULL_CONVERSION = YES;
				CLANG_WARN_OBJC_IMPLICIT_RETAIN_SELF = YES;
				CLANG_WARN_OBJC_LITERAL_CONVERSION = YES;
				CLANG_WARN_OBJC_ROOT_CLASS = YES_ERROR;
				CLANG_WARN_QUOTED_INCLUDE_IN_FRAMEWORK_HEADER = YES;
				CLANG_WARN_RANGE_LOOP_ANALYSIS = YES;
				CLANG_WARN_STRICT_PROTOTYPES = YES;
				CLANG_WARN_SUSPICIOUS_MOVE = YES;
				CLANG_WARN_UNGUARDED_AVAILABILITY = YES_AGGRESSIVE;
				CLANG_WARN_UNREACHABLE_CODE = YES;
				CLANG_WARN__DUPLICATE_METHOD_MATCH = YES;
				COPY_PHASE_STRIP = NO;
				DEBUG_INFORMATION_FORMAT = "dwarf-with-dsym";
				ENABLE_NS_ASSERTIONS = NO;
				ENABLE_STRICT_OBJC_MSGSEND = YES;
				ENABLE_USER_SCRIPT_SANDBOXING = YES;
				GCC_C_LANGUAGE_STANDARD = gnu17;
				GCC_NO_COMMON_BLOCKS = YES;
				GCC_WARN_64_TO_32_BIT_CONVERSION = YES;
				GCC_WARN_ABOUT_RETURN_TYPE = YES_ERROR;
				GCC_WARN_UNDECLARED_SELECTOR = YES;
				GCC_WARN_UNINITIALIZED_AUTOS = YES_AGGRESSIVE;
				GCC_WARN_UNUSED_FUNCTION = YES;
				GCC_WARN_UNUSED_VARIABLE = YES;
				IPHONEOS_DEPLOYMENT_TARGET = 18.1;
				LOCALIZATION_PREFERS_STRING_CATALOGS = YES;
				MTL_ENABLE_DEBUG_INFO = NO;
				MTL_FAST_MATH = YES;
				SDKROOT = iphoneos;
				SWIFT_COMPILATION_MODE = wholemodule;
				VALIDATE_PRODUCT = YES;
			};
			name = Release;
		};
		C84FC45A2E6A13AA00E13B7A /* Debug */ = {
			isa = XCBuildConfiguration;
			buildSettings = {
				ASSETCATALOG_COMPILER_APPICON_NAME = AppIcon;
				ASSETCATALOG_COMPILER_GLOBAL_ACCENT_COLOR_NAME = AccentColor;
				ASSETCATALOG_COMPILER_INCLUDE_ALL_APPICON_ASSETS = NO;
				CODE_SIGN_STYLE = Automatic;
				CURRENT_PROJECT_VERSION = 1;
				DEVELOPMENT_ASSET_PATHS = "\"HitTipsSwiftUI/Preview Content\"";
				DEVELOPMENT_TEAM = NVQX7ZW685;
				ENABLE_PREVIEWS = YES;
				GENERATE_INFOPLIST_FILE = YES;
				INFOPLIST_FILE = HitTipsSwiftUI/Info.plist;
				INFOPLIST_KEY_UIApplicationSceneManifest_Generation = YES;
				INFOPLIST_KEY_UIApplicationSupportsIndirectInputEvents = YES;
				INFOPLIST_KEY_UILaunchScreen_Generation = YES;
				INFOPLIST_KEY_UISupportedInterfaceOrientations_iPad = "UIInterfaceOrientationPortrait UIInterfaceOrientationPortraitUpsideDown UIInterfaceOrientationLandscapeLeft UIInterfaceOrientationLandscapeRight";
				INFOPLIST_KEY_UISupportedInterfaceOrientations_iPhone = "UIInterfaceOrientationPortrait UIInterfaceOrientationLandscapeLeft UIInterfaceOrientationLandscapeRight";
				LD_RUNPATH_SEARCH_PATHS = (
					"$(inherited)",
					"@executable_path/Frameworks",
				);
				MARKETING_VERSION = 1.0;
				PRODUCT_BUNDLE_IDENTIFIER = com.mattmartindale.HitTips;
				PRODUCT_NAME = "$(TARGET_NAME)";
				SWIFT_EMIT_LOC_STRINGS = YES;
				SWIFT_VERSION = 5.0;
				TARGETED_DEVICE_FAMILY = "1,2";
			};
			name = Debug;
		};
		C84FC45B2E6A13AA00E13B7A /* Release */ = {
			isa = XCBuildConfiguration;
			buildSettings = {
				ASSETCATALOG_COMPILER_APPICON_NAME = AppIcon;
				ASSETCATALOG_COMPILER_GLOBAL_ACCENT_COLOR_NAME = AccentColor;
				ASSETCATALOG_COMPILER_INCLUDE_ALL_APPICON_ASSETS = NO;
				CODE_SIGN_STYLE = Automatic;
				CURRENT_PROJECT_VERSION = 1;
				DEVELOPMENT_ASSET_PATHS = "\"HitTipsSwiftUI/Preview Content\"";
				DEVELOPMENT_TEAM = NVQX7ZW685;
				ENABLE_PREVIEWS = YES;
				GENERATE_INFOPLIST_FILE = YES;
				INFOPLIST_FILE = HitTipsSwiftUI/Info.plist;
				INFOPLIST_KEY_UIApplicationSceneManifest_Generation = YES;
				INFOPLIST_KEY_UIApplicationSupportsIndirectInputEvents = YES;
				INFOPLIST_KEY_UILaunchScreen_Generation = YES;
				INFOPLIST_KEY_UISupportedInterfaceOrientations_iPad = "UIInterfaceOrientationPortrait UIInterfaceOrientationPortraitUpsideDown UIInterfaceOrientationLandscapeLeft UIInterfaceOrientationLandscapeRight";
				INFOPLIST_KEY_UISupportedInterfaceOrientations_iPhone = "UIInterfaceOrientationPortrait UIInterfaceOrientationLandscapeLeft UIInterfaceOrientationLandscapeRight";
				LD_RUNPATH_SEARCH_PATHS = (
					"$(inherited)",
					"@executable_path/Frameworks",
				);
				MARKETING_VERSION = 1.0;
				PRODUCT_BUNDLE_IDENTIFIER = com.mattmartindale.HitTips;
				PRODUCT_NAME = "$(TARGET_NAME)";
				SWIFT_EMIT_LOC_STRINGS = YES;
				SWIFT_VERSION = 5.0;
				TARGETED_DEVICE_FAMILY = "1,2";
			};
			name = Release;
		};
		C84FC45D2E6A13AA00E13B7A /* Debug */ = {
			isa = XCBuildConfiguration;
			buildSettings = {
				BUNDLE_LOADER = "$(TEST_HOST)";
				CODE_SIGN_STYLE = Automatic;
				CURRENT_PROJECT_VERSION = 1;
				DEVELOPMENT_TEAM = NVQX7ZW685;
				GENERATE_INFOPLIST_FILE = YES;
				IPHONEOS_DEPLOYMENT_TARGET = 18.1;
				MARKETING_VERSION = 1.0;
				PRODUCT_BUNDLE_IDENTIFIER = com.mattkmart.HitTipsSwiftUITests;
				PRODUCT_NAME = "$(TARGET_NAME)";
				SWIFT_EMIT_LOC_STRINGS = NO;
				SWIFT_VERSION = 5.0;
				TARGETED_DEVICE_FAMILY = "1,2";
				TEST_HOST = "$(BUILT_PRODUCTS_DIR)/HitTipsSwiftUI.app/$(BUNDLE_EXECUTABLE_FOLDER_PATH)/HitTipsSwiftUI";
			};
			name = Debug;
		};
		C84FC45E2E6A13AA00E13B7A /* Release */ = {
			isa = XCBuildConfiguration;
			buildSettings = {
				BUNDLE_LOADER = "$(TEST_HOST)";
				CODE_SIGN_STYLE = Automatic;
				CURRENT_PROJECT_VERSION = 1;
				DEVELOPMENT_TEAM = NVQX7ZW685;
				GENERATE_INFOPLIST_FILE = YES;
				IPHONEOS_DEPLOYMENT_TARGET = 18.1;
				MARKETING_VERSION = 1.0;
				PRODUCT_BUNDLE_IDENTIFIER = com.mattkmart.HitTipsSwiftUITests;
				PRODUCT_NAME = "$(TARGET_NAME)";
				SWIFT_EMIT_LOC_STRINGS = NO;
				SWIFT_VERSION = 5.0;
				TARGETED_DEVICE_FAMILY = "1,2";
				TEST_HOST = "$(BUILT_PRODUCTS_DIR)/HitTipsSwiftUI.app/$(BUNDLE_EXECUTABLE_FOLDER_PATH)/HitTipsSwiftUI";
			};
			name = Release;
		};
		C84FC4602E6A13AA00E13B7A /* Debug */ = {
			isa = XCBuildConfiguration;
			buildSettings = {
				CODE_SIGN_STYLE = Automatic;
				CURRENT_PROJECT_VERSION = 1;
				DEVELOPMENT_TEAM = NVQX7ZW685;
				GENERATE_INFOPLIST_FILE = YES;
				MARKETING_VERSION = 1.0;
				PRODUCT_BUNDLE_IDENTIFIER = com.mattkmart.HitTipsSwiftUIUITests;
				PRODUCT_NAME = "$(TARGET_NAME)";
				SWIFT_EMIT_LOC_STRINGS = NO;
				SWIFT_VERSION = 5.0;
				TARGETED_DEVICE_FAMILY = "1,2";
				TEST_TARGET_NAME = HitTipsSwiftUI;
			};
			name = Debug;
		};
		C84FC4612E6A13AA00E13B7A /* Release */ = {
			isa = XCBuildConfiguration;
			buildSettings = {
				CODE_SIGN_STYLE = Automatic;
				CURRENT_PROJECT_VERSION = 1;
				DEVELOPMENT_TEAM = NVQX7ZW685;
				GENERATE_INFOPLIST_FILE = YES;
				MARKETING_VERSION = 1.0;
				PRODUCT_BUNDLE_IDENTIFIER = com.mattkmart.HitTipsSwiftUIUITests;
				PRODUCT_NAME = "$(TARGET_NAME)";
				SWIFT_EMIT_LOC_STRINGS = NO;
				SWIFT_VERSION = 5.0;
				TARGETED_DEVICE_FAMILY = "1,2";
				TEST_TARGET_NAME = HitTipsSwiftUI;
			};
			name = Release;
		};
/* End XCBuildConfiguration section */

/* Begin XCConfigurationList section */
		C84FC42E2E6A13A900E13B7A /* Build configuration list for PBXProject "HitTipsSwiftUI" */ = {
			isa = XCConfigurationList;
			buildConfigurations = (
				C84FC4572E6A13AA00E13B7A /* Debug */,
				C84FC4582E6A13AA00E13B7A /* Release */,
			);
			defaultConfigurationIsVisible = 0;
			defaultConfigurationName = Release;
		};
		C84FC4592E6A13AA00E13B7A /* Build configuration list for PBXNativeTarget "HitTipsSwiftUI" */ = {
			isa = XCConfigurationList;
			buildConfigurations = (
				C84FC45A2E6A13AA00E13B7A /* Debug */,
				C84FC45B2E6A13AA00E13B7A /* Release */,
			);
			defaultConfigurationIsVisible = 0;
			defaultConfigurationName = Release;
		};
		C84FC45C2E6A13AA00E13B7A /* Build configuration list for PBXNativeTarget "HitTipsSwiftUITests" */ = {
			isa = XCConfigurationList;
			buildConfigurations = (
				C84FC45D2E6A13AA00E13B7A /* Debug */,
				C84FC45E2E6A13AA00E13B7A /* Release */,
			);
			defaultConfigurationIsVisible = 0;
			defaultConfigurationName = Release;
		};
		C84FC45F2E6A13AA00E13B7A /* Build configuration list for PBXNativeTarget "HitTipsSwiftUIUITests" */ = {
			isa = XCConfigurationList;
			buildConfigurations = (
				C84FC4602E6A13AA00E13B7A /* Debug */,
				C84FC4612E6A13AA00E13B7A /* Release */,
			);
			defaultConfigurationIsVisible = 0;
			defaultConfigurationName = Release;
		};
/* End XCConfigurationList section */

/* Begin XCRemoteSwiftPackageReference section */
		C852C2752E6B956C00168117 /* XCRemoteSwiftPackageReference "firebase-ios-sdk" */ = {
			isa = XCRemoteSwiftPackageReference;
			repositoryURL = "https://github.com/firebase/firebase-ios-sdk";
			requirement = {
				kind = upToNextMajorVersion;
				minimumVersion = 12.2.0;
			};
		};
		C852C2C32E74C84500168117 /* XCRemoteSwiftPackageReference "swift-package-manager-google-mobile-ads" */ = {
			isa = XCRemoteSwiftPackageReference;
			repositoryURL = "https://github.com/googleads/swift-package-manager-google-mobile-ads.git";
			requirement = {
				kind = upToNextMajorVersion;
				minimumVersion = 12.11.0;
			};
		};
/* End XCRemoteSwiftPackageReference section */

/* Begin XCSwiftPackageProductDependency section */
		C852C2762E6B956C00168117 /* FirebaseAnalytics */ = {
			isa = XCSwiftPackageProductDependency;
			package = C852C2752E6B956C00168117 /* XCRemoteSwiftPackageReference "firebase-ios-sdk" */;
			productName = FirebaseAnalytics;
		};
		C852C2782E6B956C00168117 /* FirebaseFirestore */ = {
			isa = XCSwiftPackageProductDependency;
			package = C852C2752E6B956C00168117 /* XCRemoteSwiftPackageReference "firebase-ios-sdk" */;
			productName = FirebaseFirestore;
		};
		C852C27A2E6B9DD100168117 /* FirebaseFunctions */ = {
			isa = XCSwiftPackageProductDependency;
			package = C852C2752E6B956C00168117 /* XCRemoteSwiftPackageReference "firebase-ios-sdk" */;
			productName = FirebaseFunctions;
		};
		C852C2802E6E047200168117 /* FirebaseAppCheck */ = {
			isa = XCSwiftPackageProductDependency;
			package = C852C2752E6B956C00168117 /* XCRemoteSwiftPackageReference "firebase-ios-sdk" */;
			productName = FirebaseAppCheck;
		};
		C852C2C42E74C84500168117 /* GoogleMobileAds */ = {
			isa = XCSwiftPackageProductDependency;
			package = C852C2C32E74C84500168117 /* XCRemoteSwiftPackageReference "swift-package-manager-google-mobile-ads" */;
			productName = GoogleMobileAds;
		};
/* End XCSwiftPackageProductDependency section */
	};
	rootObject = C84FC42B2E6A13A900E13B7A /* Project object */;
}
