// !$*UTF8*$!
{
	archiveVersion = 1;
	classes = {
	};
	objectVersion = 77;
	objects = {

/* Begin PBXContainerItemProxy section */
		C84FC4462E6A13AA00E13B7A /* PBXContainerItemProxy */ = {
			isa = PBXContainerItemProxy;
			containerPortal = C84FC42B2E6A13A900E13B7A /* Project object */;
			proxyType = 1;
			remoteGlobalIDString = C84FC4322E6A13A900E13B7A;
			remoteInfo = HitTipsSwiftUI;
		};
		C84FC4502E6A13AA00E13B7A /* PBXContainerItemProxy */ = {
			isa = PBXContainerItemProxy;
			containerPortal = C84FC42B2E6A13A900E13B7A /* Project object */;
			proxyType = 1;
			remoteGlobalIDString = C84FC4322E6A13A900E13B7A;
			remoteInfo = HitTipsSwiftUI;
		};
/* End PBXContainerItemProxy section */

/* Begin PBXFileReference section */
		C84FC4332E6A13A900E13B7A /* HitTipsSwiftUI.app */ = {isa = PBXFileReference; explicitFileType = wrapper.application; includeInIndex = 0; path = HitTipsSwiftUI.app; sourceTree = BUILT_PRODUCTS_DIR; };
		C84FC4452E6A13AA00E13B7A /* HitTipsSwiftUITests.xctest */ = {isa = PBXFileReference; explicitFileType = wrapper.cfbundle; includeInIndex = 0; path = HitTipsSwiftUITests.xctest; sourceTree = BUILT_PRODUCTS_DIR; };
		C84FC44F2E6A13AA00E13B7A /* HitTipsSwiftUIUITests.xctest */ = {isa = PBXFileReference; explicitFileType = wrapper.cfbundle; includeInIndex = 0; path = HitTipsSwiftUIUITests.xctest; sourceTree = BUILT_PRODUCTS_DIR; };
/* End PBXFileReference section */

/* Begin PBXFileSystemSynchronizedRootGroup section */
		C84FC4352E6A13A900E13B7A /* HitTipsSwiftUI */ = {
			isa = PBXFileSystemSynchronizedRootGroup;
			path = HitTipsSwiftUI;
			sourceTree = "<group>";
		};
		C84FC4482E6A13AA00E13B7A /* HitTipsSwiftUITests */ = {
			isa = PBXFileSystemSynchronizedRootGroup;
			path = HitTipsSwiftUITests;
			sourceTree = "<group>";
		};
		C84FC4522E6A13AA00E13B7A /* HitTipsSwiftUIUITests */ = {
			isa = PBXFileSystemSynchronizedRootGroup;
			path = HitTipsSwiftUIUITests;
			sourceTree = "<group>";
		};
/* End PBXFileSystemSynchronizedRootGroup section */

/* Begin PBXFrameworksBuildPhase section */
		C84FC4302E6A13A900E13B7A /* Frameworks */ = {
			isa = PBXFrameworksBuildPhase;
			buildActionMask = 2147483647;
			files = (
			);
			runOnlyForDeploymentPostprocessing = 0;
		};
		C84FC4422E6A13AA00E13B7A /* Frameworks */ = {
			isa = PBXFrameworksBuildPhase;
			buildActionMask = 2147483647;
			files = (
			);
			runOnlyForDeploymentPostprocessing = 0;
		};
		C84FC44C2E6A13AA00E13B7A /* Frameworks */ = {
			isa = PBXFrameworksBuildPhase;
			buildActionMask = 2147483647;
			files = (
			);
			runOnlyForDeploymentPostprocessing = 0;
		};
/* End PBXFrameworksBuildPhase section */

/* Begin PBXGroup section */
		C84FC42A2E6A13A900E13B7A = {
			isa = PBXGroup;
			children = (
				C84FC4352E6A13A900E13B7A /* HitTipsSwiftUI */,
				C84FC4482E6A13AA00E13B7A /* HitTipsSwiftUITests */,
				C84FC4522E6A13AA00E13B7A /* HitTipsSwiftUIUITests */,
				C84FC4342E6A13A900E13B7A /* Products */,
			);
			sourceTree = "<group>";
		};
		C84FC4342E6A13A900E13B7A /* Products */ = {
			isa = PBXGroup;
			children = (
				C84FC4332E6A13A900E13B7A /* HitTipsSwiftUI.app */,
				C84FC4452E6A13AA00E13B7A /* HitTipsSwiftUITests.xctest */,
				C84FC44F2E6A13AA00E13B7A /* HitTipsSwiftUIUITests.xctest */,
			);
			name = Products;
			sourceTree = "<group>";
		};
/* End PBXGroup section */

/* Begin PBXNativeTarget section */
		C84FC4322E6A13A900E13B7A /* HitTipsSwiftUI */ = {
			isa = PBXNativeTarget;
			buildConfigurationList = C84FC4592E6A13AA00E13B7A /* Build configuration list for PBXNativeTarget "HitTipsSwiftUI" */;
			buildPhases = (
				C84FC42F2E6A13A900E13B7A /* Sources */,
				C84FC4302E6A13A900E13B7A /* Frameworks */,
				C84FC4312E6A13A900E13B7A /* Resources */,
			);
			buildRules = (
			);
			dependencies = (
			);
			fileSystemSynchronizedGroups = (
				C84FC4352E6A13A900E13B7A /* HitTipsSwiftUI */,
			);
			name = HitTipsSwiftUI;
			packageProductDependencies = (
			);
			productName = HitTipsSwiftUI;
			productReference = C84FC4332E6A13A900E13B7A /* HitTipsSwiftUI.app */;
			productType = "com.apple.product-type.application";
		};
		C84FC4442E6A13AA00E13B7A /* HitTipsSwiftUITests */ = {
			isa = PBXNativeTarget;
			buildConfigurationList = C84FC45C2E6A13AA00E13B7A /* Build configuration list for PBXNativeTarget "HitTipsSwiftUITests" */;
			buildPhases = (
				C84FC4412E6A13AA00E13B7A /* Sources */,
				C84FC4422E6A13AA00E13B7A /* Frameworks */,
				C84FC4432E6A13AA00E13B7A /* Resources */,
			);
			buildRules = (
			);
			dependencies = (
				C84FC4472E6A13AA00E13B7A /* PBXTargetDependency */,
			);
			fileSystemSynchronizedGroups = (
				C84FC4482E6A13AA00E13B7A /* HitTipsSwiftUITests */,
			);
			name = HitTipsSwiftUITests;
			packageProductDependencies = (
			);
			productName = HitTipsSwiftUITests;
			productReference = C84FC4452E6A13AA00E13B7A /* HitTipsSwiftUITests.xctest */;
			productType = "com.apple.product-type.bundle.unit-test";
		};
		C84FC44E2E6A13AA00E13B7A /* HitTipsSwiftUIUITests */ = {
			isa = PBXNativeTarget;
			buildConfigurationList = C84FC45F2E6A13AA00E13B7A /* Build configuration list for PBXNativeTarget "HitTipsSwiftUIUITests" */;
			buildPhases = (
				C84FC44B2E6A13AA00E13B7A /* Sources */,
				C84FC44C2E6A13AA00E13B7A /* Frameworks */,
				C84FC44D2E6A13AA00E13B7A /* Resources */,
			);
			buildRules = (
			);
			dependencies = (
				C84FC4512E6A13AA00E13B7A /* PBXTargetDependency */,
			);
			fileSystemSynchronizedGroups = (
				C84FC4522E6A13AA00E13B7A /* HitTipsSwiftUIUITests */,
			);
			name = HitTipsSwiftUIUITests;
			packageProductDependencies = (
			);
			productName = HitTipsSwiftUIUITests;
			productReference = C84FC44F2E6A13AA00E13B7A /* HitTipsSwiftUIUITests.xctest */;
			productType = "com.apple.product-type.bundle.ui-testing";
		};
/* End PBXNativeTarget section */

/* Begin PBXProject section */
		C84FC42B2E6A13A900E13B7A /* Project object */ = {
			isa = PBXProject;
			attributes = {
				BuildIndependentTargetsInParallel = 1;
				LastSwiftUpdateCheck = 1610;
				LastUpgradeCheck = 1610;
				TargetAttributes = {
					C84FC4322E6A13A900E13B7A = {
						CreatedOnToolsVersion = 16.1;
					};
					C84FC4442E6A13AA00E13B7A = {
						CreatedOnToolsVersion = 16.1;
						TestTargetID = C84FC4322E6A13A900E13B7A;
					};
					C84FC44E2E6A13AA00E13B7A = {
						CreatedOnToolsVersion = 16.1;
						TestTargetID = C84FC4322E6A13A900E13B7A;
					};
				};
			};
			buildConfigurationList = C84FC42E2E6A13A900E13B7A /* Build configuration list for PBXProject "HitTipsSwiftUI" */;
			developmentRegion = en;
			hasScannedForEncodings = 0;
			knownRegions = (
				en,
				Base,
			);
			mainGroup = C84FC42A2E6A13A900E13B7A;
			minimizedProjectReferenceProxies = 1;
			preferredProjectObjectVersion = 77;
			productRefGroup = C84FC4342E6A13A900E13B7A /* Products */;
			projectDirPath = "";
			projectRoot = "";
			targets = (
				C84FC4322E6A13A900E13B7A /* HitTipsSwiftUI */,
				C84FC4442E6A13AA00E13B7A /* HitTipsSwiftUITests */,
				C84FC44E2E6A13AA00E13B7A /* HitTipsSwiftUIUITests */,
			);
		};
/* End PBXProject section */

/* Begin PBXResourcesBuildPhase section */
		C84FC4312E6A13A900E13B7A /* Resources */ = {
			isa = PBXResourcesBuildPhase;
			buildActionMask = 2147483647;
			files = (
			);
			runOnlyForDeploymentPostprocessing = 0;
		};
		C84FC4432E6A13AA00E13B7A /* Resources */ = {
			isa = PBXResourcesBuildPhase;
			buildActionMask = 2147483647;
			files = (
			);
			runOnlyForDeploymentPostprocessing = 0;
		};
		C84FC44D2E6A13AA00E13B7A /* Resources */ = {
			isa = PBXResourcesBuildPhase;
			buildActionMask = 2147483647;
			files = (
			);
			runOnlyForDeploymentPostprocessing = 0;
		};
/* End PBXResourcesBuildPhase section */

/* Begin PBXSourcesBuildPhase section */
		C84FC42F2E6A13A900E13B7A /* Sources */ = {
			isa = PBXSourcesBuildPhase;
			buildActionMask = 2147483647;
			files = (
			);
			runOnlyForDeploymentPostprocessing = 0;
		};
		C84FC4412E6A13AA00E13B7A /* Sources */ = {
			isa = PBXSourcesBuildPhase;
			buildActionMask = 2147483647;
			files = (
			);
			runOnlyForDeploymentPostprocessing = 0;
		};
		C84FC44B2E6A13AA00E13B7A /* Sources */ = {
			isa = PBXSourcesBuildPhase;
			buildActionMask = 2147483647;
			files = (
			);
			runOnlyForDeploymentPostprocessing = 0;
		};
/* End PBXSourcesBuildPhase section */

/* Begin PBXTargetDependency section */
		C84FC4472E6A13AA00E13B7A /* PBXTargetDependency */ = {
			isa = PBXTargetDependency;
			target = C84FC4322E6A13A900E13B7A /* HitTipsSwiftUI */;
			targetProxy = C84FC4462E6A13AA00E13B7A /* PBXContainerItemProxy */;
		};
		C84FC4512E6A13AA00E13B7A /* PBXTargetDependency */ = {
			isa = PBXTargetDependency;
			target = C84FC4322E6A13A900E13B7A /* HitTipsSwiftUI */;
			targetProxy = C84FC4502E6A13AA00E13B7A /* PBXContainerItemProxy */;
		};
/* End PBXTargetDependency section */

/* Begin XCBuildConfiguration section */
		C84FC4572E6A13AA00E13B7A /* Debug */ = {
			isa = XCBuildConfiguration;
			buildSettings = {
				ALWAYS_SEARCH_USER_PATHS = NO;
				ASSETCATALOG_COMPILER_GENERATE_SWIFT_ASSET_SYMBOL_EXTENSIONS = YES;
				CLANG_ANALYZER_NONNULL = YES;
				CLANG_ANALYZER_NUMBER_OBJECT_CONVERSION = YES_AGGRESSIVE;
				CLANG_CXX_LANGUAGE_STANDARD = "gnu++20";
				CLANG_ENABLE_MODULES = YES;
				CLANG_ENABLE_OBJC_ARC = YES;
				CLANG_ENABLE_OBJC_WEAK = YES;
				CLANG_WARN_BLOCK_CAPTURE_AUTORELEASING = YES;
				CLANG_WARN_BOOL_CONVERSION = YES;
				CLANG_WARN_COMMA = YES;
				CLANG_WARN_CONSTANT_CONVERSION = YES;
				CLANG_WARN_DEPRECATED_OBJC_IMPLEMENTATIONS = YES;
				CLANG_WARN_DIRECT_OBJC_ISA_USAGE = YES_ERROR;
				CLANG_WARN_DOCUMENTATION_COMMENTS = YES;
				CLANG_WARN_EMPTY_BODY = YES;
				CLANG_WARN_ENUM_CONVERSION = YES;
				CLANG_WARN_INFINITE_RECURSION = YES;
				CLANG_WARN_INT_CONVERSION = YES;
				CLANG_WARN_NON_LITERAL_NULL_CONVERSION = YES;
				CLANG_WARN_OBJC_IMPLICIT_RETAIN_SELF = YES;
				CLANG_WARN_OBJC_LITERAL_CONVERSION = YES;
				CLANG_WARN_OBJC_ROOT_CLASS = YES_ERROR;
				CLANG_WARN_QUOTED_INCLUDE_IN_FRAMEWORK_HEADER = YES;
				CLANG_WARN_RANGE_LOOP_ANALYSIS = YES;
				CLANG_WARN_STRICT_PROTOTYPES = YES;
				CLANG_WARN_SUSPICIOUS_MOVE = YES;
				CLANG_WARN_UNGUARDED_AVAILABILITY = YES_AGGRESSIVE;
				CLANG_WARN_UNREACHABLE_CODE = YES;
				CLANG_WARN__DUPLICATE_METHOD_MATCH = YES;
				COPY_PHASE_STRIP = NO;
				DEBUG_INFORMATION_FORMAT = dwarf;
				ENABLE_STRICT_OBJC_MSGSEND = YES;
				ENABLE_TESTABILITY = YES;
				ENABLE_USER_SCRIPT_SANDBOXING = YES;
				GCC_C_LANGUAGE_STANDARD = gnu17;
				GCC_DYNAMIC_NO_PIC = NO;
				GCC_NO_COMMON_BLOCKS = YES;
				GCC_OPTIMIZATION_LEVEL = 0;
				GCC_PREPROCESSOR_DEFINITIONS = (
					"DEBUG=1",
					"$(inherited)",
				);
				GCC_WARN_64_TO_32_BIT_CONVERSION = YES;
				GCC_WARN_ABOUT_RETURN_TYPE = YES_ERROR;
				GCC_WARN_UNDECLARED_SELECTOR = YES;
				GCC_WARN_UNINITIALIZED_AUTOS = YES_AGGRESSIVE;
				GCC_WARN_UNUSED_FUNCTION = YES;
				GCC_WARN_UNUSED_VARIABLE = YES;
				IPHONEOS_DEPLOYMENT_TARGET = 18.1;
				LOCALIZATION_PREFERS_STRING_CATALOGS = YES;
				MTL_ENABLE_DEBUG_INFO = INCLUDE_SOURCE;
				MTL_FAST_MATH = YES;
				ONLY_ACTIVE_ARCH = YES;
				SDKROOT = iphoneos;
				SWIFT_ACTIVE_COMPILATION_CONDITIONS = "DEBUG $(inherited)";
				SWIFT_OPTIMIZATION_LEVEL = "-Onone";
			};
			name = Debug;
		};
		C84FC4582E6A13AA00E13B7A /* Release */ = {
			isa = XCBuildConfiguration;
			buildSettings = {
				ALWAYS_SEARCH_USER_PATHS = NO;
				ASSETCATALOG_COMPILER_GENERATE_SWIFT_ASSET_SYMBOL_EXTENSIONS = YES;
				CLANG_ANALYZER_NONNULL = YES;
				CLANG_ANALYZER_NUMBER_OBJECT_CONVERSION = YES_AGGRESSIVE;
				CLANG_CXX_LANGUAGE_STANDARD = "gnu++20";
				CLANG_ENABLE_MODULES = YES;
				CLANG_ENABLE_OBJC_ARC = YES;
				CLANG_ENABLE_OBJC_WEAK = YES;
				CLANG_WARN_BLOCK_CAPTURE_AUTORELEASING = YES;
				CLANG_WARN_BOOL_CONVERSION = YES;
				CLANG_WARN_COMMA = YES;
				CLANG_WARN_CONSTANT_CONVERSION = YES;
				CLANG_WARN_DEPRECATED_OBJC_IMPLEMENTATIONS = YES;
				CLANG_WARN_DIRECT_OBJC_ISA_USAGE = YES_ERROR;
				CLANG_WARN_DOCUMENTATION_COMMENTS = YES;
				CLANG_WARN_EMPTY_BODY = YES;
				CLANG_WARN_ENUM_CONVERSION = YES;
				CLANG_WARN_INFINITE_RECURSION = YES;
				CLANG_WARN_INT_CONVERSION = YES;
				CLANG_WARN_NON_LITERAL_NULL_CONVERSION = YES;
				CLANG_WARN_OBJC_IMPLICIT_RETAIN_SELF = YES;
				CLANG_WARN_OBJC_LITERAL_CONVERSION = YES;
				CLANG_WARN_OBJC_ROOT_CLASS = YES_ERROR;
				CLANG_WARN_QUOTED_INCLUDE_IN_FRAMEWORK_HEADER = YES;
				CLANG_WARN_RANGE_LOOP_ANALYSIS = YES;
				CLANG_WARN_STRICT_PROTOTYPES = YES;
				CLANG_WARN_SUSPICIOUS_MOVE = YES;
				CLANG_WARN_UNGUARDED_AVAILABILITY = YES_AGGRESSIVE;
				CLANG_WARN_UNREACHABLE_CODE = YES;
				CLANG_WARN__DUPLICATE_METHOD_MATCH = YES;
				COPY_PHASE_STRIP = NO;
				DEBUG_INFORMATION_FORMAT = "dwarf-with-dsym";
				ENABLE_NS_ASSERTIONS = NO;
				ENABLE_STRICT_OBJC_MSGSEND = YES;
				ENABLE_USER_SCRIPT_SANDBOXING = YES;
				GCC_C_LANGUAGE_STANDARD = gnu17;
				GCC_NO_COMMON_BLOCKS = YES;
				GCC_WARN_64_TO_32_BIT_CONVERSION = YES;
				GCC_WARN_ABOUT_RETURN_TYPE = YES_ERROR;
				GCC_WARN_UNDECLARED_SELECTOR = YES;
				GCC_WARN_UNINITIALIZED_AUTOS = YES_AGGRESSIVE;
				GCC_WARN_UNUSED_FUNCTION = YES;
				GCC_WARN_UNUSED_VARIABLE = YES;
				IPHONEOS_DEPLOYMENT_TARGET = 18.1;
				LOCALIZATION_PREFERS_STRING_CATALOGS = YES;
				MTL_ENABLE_DEBUG_INFO = NO;
				MTL_FAST_MATH = YES;
				SDKROOT = iphoneos;
				SWIFT_COMPILATION_MODE = wholemodule;
				VALIDATE_PRODUCT = YES;
			};
			name = Release;
		};
		C84FC45A2E6A13AA00E13B7A /* Debug */ = {
			isa = XCBuildConfiguration;
			buildSettings = {
				ASSETCATALOG_COMPILER_APPICON_NAME = AppIcon;
				ASSETCATALOG_COMPILER_GLOBAL_ACCENT_COLOR_NAME = AccentColor;
				CODE_SIGN_STYLE = Automatic;
				CURRENT_PROJECT_VERSION = 1;
				DEVELOPMENT_ASSET_PATHS = "\"HitTipsSwiftUI/Preview Content\"";
				DEVELOPMENT_TEAM = NVQX7ZW685;
				ENABLE_PREVIEWS = YES;
				GENERATE_INFOPLIST_FILE = YES;
				INFOPLIST_KEY_UIApplicationSceneManifest_Generation = YES;
				INFOPLIST_KEY_UIApplicationSupportsIndirectInputEvents = YES;
				INFOPLIST_KEY_UILaunchScreen_Generation = YES;
				INFOPLIST_KEY_UISupportedInterfaceOrientations_iPad = "UIInterfaceOrientationPortrait UIInterfaceOrientationPortraitUpsideDown UIInterfaceOrientationLandscapeLeft UIInterfaceOrientationLandscapeRight";
				INFOPLIST_KEY_UISupportedInterfaceOrientations_iPhone = "UIInterfaceOrientationPortrait UIInterfaceOrientationLandscapeLeft UIInterfaceOrientationLandscapeRight";
				LD_RUNPATH_SEARCH_PATHS = (
					"$(inherited)",
					"@executable_path/Frameworks",
				);
				MARKETING_VERSION = 1.0;
				PRODUCT_BUNDLE_IDENTIFIER = com.mattkmart.HitTipsSwiftUI;
				PRODUCT_NAME = "$(TARGET_NAME)";
				SWIFT_EMIT_LOC_STRINGS = YES;
				SWIFT_VERSION = 5.0;
				TARGETED_DEVICE_FAMILY = "1,2";
			};
			name = Debug;
		};
		C84FC45B2E6A13AA00E13B7A /* Release */ = {
			isa = XCBuildConfiguration;
			buildSettings = {
				ASSETCATALOG_COMPILER_APPICON_NAME = AppIcon;
				ASSETCATALOG_COMPILER_GLOBAL_ACCENT_COLOR_NAME = AccentColor;
				CODE_SIGN_STYLE = Automatic;
				CURRENT_PROJECT_VERSION = 1;
				DEVELOPMENT_ASSET_PATHS = "\"HitTipsSwiftUI/Preview Content\"";
				DEVELOPMENT_TEAM = NVQX7ZW685;
				ENABLE_PREVIEWS = YES;
				GENERATE_INFOPLIST_FILE = YES;
				INFOPLIST_KEY_UIApplicationSceneManifest_Generation = YES;
				INFOPLIST_KEY_UIApplicationSupportsIndirectInputEvents = YES;
				INFOPLIST_KEY_UILaunchScreen_Generation = YES;
				INFOPLIST_KEY_UISupportedInterfaceOrientations_iPad = "UIInterfaceOrientationPortrait UIInterfaceOrientationPortraitUpsideDown UIInterfaceOrientationLandscapeLeft UIInterfaceOrientationLandscapeRight";
				INFOPLIST_KEY_UISupportedInterfaceOrientations_iPhone = "UIInterfaceOrientationPortrait UIInterfaceOrientationLandscapeLeft UIInterfaceOrientationLandscapeRight";
				LD_RUNPATH_SEARCH_PATHS = (
					"$(inherited)",
					"@executable_path/Frameworks",
				);
				MARKETING_VERSION = 1.0;
				PRODUCT_BUNDLE_IDENTIFIER = com.mattkmart.HitTipsSwiftUI;
				PRODUCT_NAME = "$(TARGET_NAME)";
				SWIFT_EMIT_LOC_STRINGS = YES;
				SWIFT_VERSION = 5.0;
				TARGETED_DEVICE_FAMILY = "1,2";
			};
			name = Release;
		};
		C84FC45D2E6A13AA00E13B7A /* Debug */ = {
			isa = XCBuildConfiguration;
			buildSettings = {
				BUNDLE_LOADER = "$(TEST_HOST)";
				CODE_SIGN_STYLE = Automatic;
				CURRENT_PROJECT_VERSION = 1;
				DEVELOPMENT_TEAM = NVQX7ZW685;
				GENERATE_INFOPLIST_FILE = YES;
				IPHONEOS_DEPLOYMENT_TARGET = 18.1;
				MARKETING_VERSION = 1.0;
				PRODUCT_BUNDLE_IDENTIFIER = com.mattkmart.HitTipsSwiftUITests;
				PRODUCT_NAME = "$(TARGET_NAME)";
				SWIFT_EMIT_LOC_STRINGS = NO;
				SWIFT_VERSION = 5.0;
				TARGETED_DEVICE_FAMILY = "1,2";
				TEST_HOST = "$(BUILT_PRODUCTS_DIR)/HitTipsSwiftUI.app/$(BUNDLE_EXECUTABLE_FOLDER_PATH)/HitTipsSwiftUI";
			};
			name = Debug;
		};
		C84FC45E2E6A13AA00E13B7A /* Release */ = {
			isa = XCBuildConfiguration;
			buildSettings = {
				BUNDLE_LOADER = "$(TEST_HOST)";
				CODE_SIGN_STYLE = Automatic;
				CURRENT_PROJECT_VERSION = 1;
				DEVELOPMENT_TEAM = NVQX7ZW685;
				GENERATE_INFOPLIST_FILE = YES;
				IPHONEOS_DEPLOYMENT_TARGET = 18.1;
				MARKETING_VERSION = 1.0;
				PRODUCT_BUNDLE_IDENTIFIER = com.mattkmart.HitTipsSwiftUITests;
				PRODUCT_NAME = "$(TARGET_NAME)";
				SWIFT_EMIT_LOC_STRINGS = NO;
				SWIFT_VERSION = 5.0;
				TARGETED_DEVICE_FAMILY = "1,2";
				TEST_HOST = "$(BUILT_PRODUCTS_DIR)/HitTipsSwiftUI.app/$(BUNDLE_EXECUTABLE_FOLDER_PATH)/HitTipsSwiftUI";
			};
			name = Release;
		};
		C84FC4602E6A13AA00E13B7A /* Debug */ = {
			isa = XCBuildConfiguration;
			buildSettings = {
				CODE_SIGN_STYLE = Automatic;
				CURRENT_PROJECT_VERSION = 1;
				DEVELOPMENT_TEAM = NVQX7ZW685;
				GENERATE_INFOPLIST_FILE = YES;
				MARKETING_VERSION = 1.0;
				PRODUCT_BUNDLE_IDENTIFIER = com.mattkmart.HitTipsSwiftUIUITests;
				PRODUCT_NAME = "$(TARGET_NAME)";
				SWIFT_EMIT_LOC_STRINGS = NO;
				SWIFT_VERSION = 5.0;
				TARGETED_DEVICE_FAMILY = "1,2";
				TEST_TARGET_NAME = HitTipsSwiftUI;
			};
			name = Debug;
		};
		C84FC4612E6A13AA00E13B7A /* Release */ = {
			isa = XCBuildConfiguration;
			buildSettings = {
				CODE_SIGN_STYLE = Automatic;
				CURRENT_PROJECT_VERSION = 1;
				DEVELOPMENT_TEAM = NVQX7ZW685;
				GENERATE_INFOPLIST_FILE = YES;
				MARKETING_VERSION = 1.0;
				PRODUCT_BUNDLE_IDENTIFIER = com.mattkmart.HitTipsSwiftUIUITests;
				PRODUCT_NAME = "$(TARGET_NAME)";
				SWIFT_EMIT_LOC_STRINGS = NO;
				SWIFT_VERSION = 5.0;
				TARGETED_DEVICE_FAMILY = "1,2";
				TEST_TARGET_NAME = HitTipsSwiftUI;
			};
			name = Release;
		};
/* End XCBuildConfiguration section */

/* Begin XCConfigurationList section */
		C84FC42E2E6A13A900E13B7A /* Build configuration list for PBXProject "HitTipsSwiftUI" */ = {
			isa = XCConfigurationList;
			buildConfigurations = (
				C84FC4572E6A13AA00E13B7A /* Debug */,
				C84FC4582E6A13AA00E13B7A /* Release */,
			);
			defaultConfigurationIsVisible = 0;
			defaultConfigurationName = Release;
		};
		C84FC4592E6A13AA00E13B7A /* Build configuration list for PBXNativeTarget "HitTipsSwiftUI" */ = {
			isa = XCConfigurationList;
			buildConfigurations = (
				C84FC45A2E6A13AA00E13B7A /* Debug */,
				C84FC45B2E6A13AA00E13B7A /* Release */,
			);
			defaultConfigurationIsVisible = 0;
			defaultConfigurationName = Release;
		};
		C84FC45C2E6A13AA00E13B7A /* Build configuration list for PBXNativeTarget "HitTipsSwiftUITests" */ = {
			isa = XCConfigurationList;
			buildConfigurations = (
				C84FC45D2E6A13AA00E13B7A /* Debug */,
				C84FC45E2E6A13AA00E13B7A /* Release */,
			);
			defaultConfigurationIsVisible = 0;
			defaultConfigurationName = Release;
		};
		C84FC45F2E6A13AA00E13B7A /* Build configuration list for PBXNativeTarget "HitTipsSwiftUIUITests" */ = {
			isa = XCConfigurationList;
			buildConfigurations = (
				C84FC4602E6A13AA00E13B7A /* Debug */,
				C84FC4612E6A13AA00E13B7A /* Release */,
			);
			defaultConfigurationIsVisible = 0;
			defaultConfigurationName = Release;
		};
/* End XCConfigurationList section */
	};
	rootObject = C84FC42B2E6A13A900E13B7A /* Project object */;
}
